Microsoft Visual Studio Solution File, Format Version 12.00
# Visual Studio Version 17
VisualStudioVersion = 17.4.32902.5
MinimumVisualStudioVersion = 10.0.40219.1
Project("{2150E333-8FDC-42A3-9474-1A3956D46DE8}") = "Libraries", "Libraries", "{9C0B5C89-8091-4876-B753-B02CDB296106}"
EndProject
Project("{2150E333-8FDC-42A3-9474-1A3956D46DE8}") = "Applications", "Applications", "{D956FF7A-735E-4CEB-B595-2B4D2D6B4102}"
EndProject
Project("{2150E333-8FDC-42A3-9474-1A3956D46DE8}") = "Tests", "Tests", "{3A52DB22-4416-4027-9172-41A2CB1CF2ED}"
EndProject
Project("{2150E333-8FDC-42A3-9474-1A3956D46DE8}") = ".Snippets", ".Snippets", "{F222C34A-A88C-4440-893C-A04C200E7BBC}"
	ProjectSection(SolutionItems) = preProject
		Snippets\ATest.snippet = Snippets\ATest.snippet
		Snippets\CLSCompliant.snippet = Snippets\CLSCompliant.snippet
		Snippets\CodeAnalysisDictionary.snippet = Snippets\CodeAnalysisDictionary.snippet
		Snippets\EqualityOverrides.snippet = Snippets\EqualityOverrides.snippet
		Snippets\ETest.snippet = Snippets\ETest.snippet
		Snippets\Getter.snippet = Snippets\Getter.snippet
		Snippets\JsonProperty.snippet = Snippets\JsonProperty.snippet
		Snippets\ReferenceEqual.snippet = Snippets\ReferenceEqual.snippet
		Snippets\ReferenceNull.snippet = Snippets\ReferenceNull.snippet
		Snippets\WpfCommand.snippet = Snippets\WpfCommand.snippet
		Snippets\WpfCommandCan.snippet = Snippets\WpfCommandCan.snippet
		Snippets\WpfProperty.snippet = Snippets\WpfProperty.snippet
		Snippets\XamarinCommand.snippet = Snippets\XamarinCommand.snippet
	EndProjectSection
EndProject
Project("{2150E333-8FDC-42A3-9474-1A3956D46DE8}") = ".Solution Items", ".Solution Items", "{E277E665-F282-47A5-A4D0-316B8051D19D}"
	ProjectSection(SolutionItems) = preProject
		CodeCoverage.runsettings = CodeCoverage.runsettings
	EndProjectSection
EndProject
Project("{FAE04EC0-301F-11D3-BF4B-00C04F79EFBC}") = "ConsoleApp", "CSharp\ConsoleApp\ConsoleApp.csproj", "{6FDD5BB9-A911-41AC-96DE-6FB0CFAB18B6}"
EndProject
Project("{FAE04EC0-301F-11D3-BF4B-00C04F79EFBC}") = "ClassLibrary", "CSharp\ClassLibrary\ClassLibrary.csproj", "{4B4046C0-D775-4C67-8C34-E192EF10A6ED}"
EndProject
Project("{FAE04EC0-301F-11D3-BF4B-00C04F79EFBC}") = "TestProject", "Csharp\TestProject\TestProject.csproj", "{FEC165C4-F2AB-4864-A729-8AC695B4EC12}"
EndProject
Project("{FAE04EC0-301F-11D3-BF4B-00C04F79EFBC}") = "ClassLibrary.Tests", "Csharp\ClassLibrary.Tests\ClassLibrary.Tests.csproj", "{A6325080-F415-42ED-A8ED-8A8EC1A07E46}"
EndProject
Project("{FAE04EC0-301F-11D3-BF4B-00C04F79EFBC}") = "WpfApp", "Csharp\WpfApp\WpfApp.csproj", "{84C30055-4EFD-4947-9D72-95A2FD1B1D75}"
EndProject
Global
	GlobalSection(SolutionConfigurationPlatforms) = preSolution
		Debug|Any CPU = Debug|Any CPU
		Release|Any CPU = Release|Any CPU
	EndGlobalSection
	GlobalSection(ProjectConfigurationPlatforms) = postSolution
		{4B4046C0-D775-4C67-8C34-E192EF10A6ED}.Debug|Any CPU.ActiveCfg = Debug|Any CPU
		{4B4046C0-D775-4C67-8C34-E192EF10A6ED}.Debug|Any CPU.Build.0 = Debug|Any CPU
		{4B4046C0-D775-4C67-8C34-E192EF10A6ED}.Release|Any CPU.ActiveCfg = Release|Any CPU
		{4B4046C0-D775-4C67-8C34-E192EF10A6ED}.Release|Any CPU.Build.0 = Release|Any CPU
		{6FDD5BB9-A911-41AC-96DE-6FB0CFAB18B6}.Debug|Any CPU.ActiveCfg = Debug|Any CPU
		{6FDD5BB9-A911-41AC-96DE-6FB0CFAB18B6}.Debug|Any CPU.Build.0 = Debug|Any CPU
		{6FDD5BB9-A911-41AC-96DE-6FB0CFAB18B6}.Release|Any CPU.ActiveCfg = Release|Any CPU
		{6FDD5BB9-A911-41AC-96DE-6FB0CFAB18B6}.Release|Any CPU.Build.0 = Release|Any CPU
		{84C30055-4EFD-4947-9D72-95A2FD1B1D75}.Debug|Any CPU.ActiveCfg = Debug|Any CPU
		{84C30055-4EFD-4947-9D72-95A2FD1B1D75}.Debug|Any CPU.Build.0 = Debug|Any CPU
		{84C30055-4EFD-4947-9D72-95A2FD1B1D75}.Release|Any CPU.ActiveCfg = Release|Any CPU
		{84C30055-4EFD-4947-9D72-95A2FD1B1D75}.Release|Any CPU.Build.0 = Release|Any CPU
		{A6325080-F415-42ED-A8ED-8A8EC1A07E46}.Debug|Any CPU.ActiveCfg = Debug|Any CPU
		{A6325080-F415-42ED-A8ED-8A8EC1A07E46}.Debug|Any CPU.Build.0 = Debug|Any CPU
		{A6325080-F415-42ED-A8ED-8A8EC1A07E46}.Release|Any CPU.ActiveCfg = Release|Any CPU
		{A6325080-F415-42ED-A8ED-8A8EC1A07E46}.Release|Any CPU.Build.0 = Release|Any CPU
		{FEC165C4-F2AB-4864-A729-8AC695B4EC12}.Debug|Any CPU.ActiveCfg = Debug|Any CPU
		{FEC165C4-F2AB-4864-A729-8AC695B4EC12}.Debug|Any CPU.Build.0 = Debug|Any CPU
		{FEC165C4-F2AB-4864-A729-8AC695B4EC12}.Release|Any CPU.ActiveCfg = Release|Any CPU
		{FEC165C4-F2AB-4864-A729-8AC695B4EC12}.Release|Any CPU.Build.0 = Release|Any CPU
	EndGlobalSection
	GlobalSection(SolutionProperties) = preSolution
		HideSolutionNode = FALSE
	EndGlobalSection
	GlobalSection(NestedProjects) = preSolution
		{4B4046C0-D775-4C67-8C34-E192EF10A6ED} = {9C0B5C89-8091-4876-B753-B02CDB296106}
		{6FDD5BB9-A911-41AC-96DE-6FB0CFAB18B6} = {D956FF7A-735E-4CEB-B595-2B4D2D6B4102}
		{84C30055-4EFD-4947-9D72-95A2FD1B1D75} = {D956FF7A-735E-4CEB-B595-2B4D2D6B4102}
		{A6325080-F415-42ED-A8ED-8A8EC1A07E46} = {3A52DB22-4416-4027-9172-41A2CB1CF2ED}
		{FEC165C4-F2AB-4864-A729-8AC695B4EC12} = {3A52DB22-4416-4027-9172-41A2CB1CF2ED}
	EndGlobalSection
	GlobalSection(ExtensibilityGlobals) = postSolution
		SolutionGuid = {41A811AE-DE3E-4BBB-A31B-D65118B3C90B}
	EndGlobalSection
EndGlobal
