
Microsoft Visual Studio Solution File, Format Version 12.00
# Visual Studio Version 17
VisualStudioVersion = 17.4.32902.5
MinimumVisualStudioVersion = 10.0.40219.1
Project("{2150E333-8FDC-42A3-9474-1A3956D46DE8}") = "Console", "Console", "{E3D0764F-A5B4-479C-B779-990B8697ABB9}"
EndProject
Project("{2150E333-8FDC-42A3-9474-1A3956D46DE8}") = "Libraries", "Libraries", "{9C0B5C89-8091-4876-B753-B02CDB296106}"
EndProject
Project("{2150E333-8FDC-42A3-9474-1A3956D46DE8}") = "Applications", "Applications", "{D956FF7A-735E-4CEB-B595-2B4D2D6B4102}"
EndProject
Project("{2150E333-8FDC-42A3-9474-1A3956D46DE8}") = "Tests", "Tests", "{3A52DB22-4416-4027-9172-41A2CB1CF2ED}"
EndProject
Project("{2150E333-8FDC-42A3-9474-1A3956D46DE8}") = ".Snippets", ".Snippets", "{F222C34A-A88C-4440-893C-A04C200E7BBC}"
	ProjectSection(SolutionItems) = preProject
		Snippets\ATest.snippet = Snippets\ATest.snippet
		Snippets\CLSCompliant.snippet = Snippets\CLSCompliant.snippet
		Snippets\CodeAnalysisDictionary.snippet = Snippets\CodeAnalysisDictionary.snippet
		Snippets\EqualityOverrides.snippet = Snippets\EqualityOverrides.snippet
		Snippets\ETest.snippet = Snippets\ETest.snippet
		Snippets\Getter.snippet = Snippets\Getter.snippet
		Snippets\JsonProperty.snippet = Snippets\JsonProperty.snippet
		Snippets\ReferenceEqual.snippet = Snippets\ReferenceEqual.snippet
		Snippets\ReferenceNull.snippet = Snippets\ReferenceNull.snippet
		Snippets\WpfCommand.snippet = Snippets\WpfCommand.snippet
		Snippets\WpfCommandCan.snippet = Snippets\WpfCommandCan.snippet
		Snippets\WpfProperty.snippet = Snippets\WpfProperty.snippet
		Snippets\XamarinCommand.snippet = Snippets\XamarinCommand.snippet
	EndProjectSection
EndProject
Project("{2150E333-8FDC-42A3-9474-1A3956D46DE8}") = ".Solution Items", ".Solution Items", "{E277E665-F282-47A5-A4D0-316B8051D19D}"
	ProjectSection(SolutionItems) = preProject
		CodeCoverage.runsettings = CodeCoverage.runsettings
	EndProjectSection
EndProject
Project("{9A19103F-16F7-4668-BE54-9A1E7A4F7556}") = "Core.WebApi", "CSharp\Core.WebApi\Core.WebApi.csproj", "{35249BE5-465A-4545-BACF-E1878CAD015D}"
EndProject
Project("{FAE04EC0-301F-11D3-BF4B-00C04F79EFBC}") = "Framework.Wpf", "CSharp\Framework.Wpf\Framework.Wpf.csproj", "{E3A8B41F-DC2D-4CE4-91B3-2CCBCC6A00C4}"
EndProject
Project("{FAE04EC0-301F-11D3-BF4B-00C04F79EFBC}") = "Framework.WinForms", "CSharp\Framework.WinForms\Framework.WinForms.csproj", "{C9B4DE48-AD9E-4828-ADBC-5B445B3D4876}"
EndProject
Project("{9A19103F-16F7-4668-BE54-9A1E7A4F7556}") = "Core.Console", "CSharp\Core.Console\Core.Console.csproj", "{2AA2D05A-132B-4F9C-BB20-356E6C4A9E8E}"
EndProject
Project("{FAE04EC0-301F-11D3-BF4B-00C04F79EFBC}") = "Framework.Console", "CSharp\Framework.Console\Framework.Console.csproj", "{CFE58CC9-ED72-4786-8FB8-45CE941FBA96}"
EndProject
Project("{FAE04EC0-301F-11D3-BF4B-00C04F79EFBC}") = "Framework.Library", "CSharp\Framework.Library\Framework.Library.csproj", "{1DD9A3F8-57D0-417E-AE17-74B109B0AECA}"
EndProject
Project("{9A19103F-16F7-4668-BE54-9A1E7A4F7556}") = "Core.Library", "CSharp\Core.Library\Core.Library.csproj", "{0D8653D7-0A3B-4F95-B8F0-97FE544D53B7}"
EndProject
Project("{9A19103F-16F7-4668-BE54-9A1E7A4F7556}") = "Standard.Library", "CSharp\Standard.Library\Standard.Library.csproj", "{E8C7B376-E157-4FB7-8B21-A999D9C109E0}"
EndProject
Project("{9A19103F-16F7-4668-BE54-9A1E7A4F7556}") = "Core.UnitTests", "CSharp\Core.UnitTests\Core.UnitTests.csproj", "{9EFCE2B9-1253-429A-A399-D75582E121CF}"
EndProject
Project("{FAE04EC0-301F-11D3-BF4B-00C04F79EFBC}") = "Framework.UnitTests", "CSharp\Framework.UnitTests\Framework.UnitTests.csproj", "{237FFAF6-A434-431D-B4DC-5C7BFF6CFB22}"
EndProject
Project("{FAE04EC0-301F-11D3-BF4B-00C04F79EFBC}") = "Framework.WebApi", "CSharp\Framework.WebApi\Framework.WebApi.csproj", "{4EC5656E-9845-4004-B766-88F01FDE1DC1}"
EndProject
Project("{FAE04EC0-301F-11D3-BF4B-00C04F79EFBC}") = "Framework.Wpf.Tests", "CSharp\Framework.Wpf.Tests\Framework.Wpf.Tests.csproj", "{A0F9341F-E8C1-4283-99B2-C414DF227BF7}"
EndProject
Global
	GlobalSection(SolutionConfigurationPlatforms) = preSolution
		Debug|Any CPU = Debug|Any CPU
		Release|Any CPU = Release|Any CPU
	EndGlobalSection
	GlobalSection(ProjectConfigurationPlatforms) = postSolution
		{35249BE5-465A-4545-BACF-E1878CAD015D}.Debug|Any CPU.ActiveCfg = Debug|Any CPU
		{35249BE5-465A-4545-BACF-E1878CAD015D}.Debug|Any CPU.Build.0 = Debug|Any CPU
		{35249BE5-465A-4545-BACF-E1878CAD015D}.Release|Any CPU.ActiveCfg = Release|Any CPU
		{35249BE5-465A-4545-BACF-E1878CAD015D}.Release|Any CPU.Build.0 = Release|Any CPU
		{E3A8B41F-DC2D-4CE4-91B3-2CCBCC6A00C4}.Debug|Any CPU.ActiveCfg = Debug|Any CPU
		{E3A8B41F-DC2D-4CE4-91B3-2CCBCC6A00C4}.Debug|Any CPU.Build.0 = Debug|Any CPU
		{E3A8B41F-DC2D-4CE4-91B3-2CCBCC6A00C4}.Release|Any CPU.ActiveCfg = Release|Any CPU
		{E3A8B41F-DC2D-4CE4-91B3-2CCBCC6A00C4}.Release|Any CPU.Build.0 = Release|Any CPU
		{C9B4DE48-AD9E-4828-ADBC-5B445B3D4876}.Debug|Any CPU.ActiveCfg = Debug|Any CPU
		{C9B4DE48-AD9E-4828-ADBC-5B445B3D4876}.Debug|Any CPU.Build.0 = Debug|Any CPU
		{C9B4DE48-AD9E-4828-ADBC-5B445B3D4876}.Release|Any CPU.ActiveCfg = Release|Any CPU
		{C9B4DE48-AD9E-4828-ADBC-5B445B3D4876}.Release|Any CPU.Build.0 = Release|Any CPU
		{2AA2D05A-132B-4F9C-BB20-356E6C4A9E8E}.Debug|Any CPU.ActiveCfg = Debug|Any CPU
		{2AA2D05A-132B-4F9C-BB20-356E6C4A9E8E}.Debug|Any CPU.Build.0 = Debug|Any CPU
		{2AA2D05A-132B-4F9C-BB20-356E6C4A9E8E}.Release|Any CPU.ActiveCfg = Release|Any CPU
		{2AA2D05A-132B-4F9C-BB20-356E6C4A9E8E}.Release|Any CPU.Build.0 = Release|Any CPU
		{CFE58CC9-ED72-4786-8FB8-45CE941FBA96}.Debug|Any CPU.ActiveCfg = Debug|Any CPU
		{CFE58CC9-ED72-4786-8FB8-45CE941FBA96}.Debug|Any CPU.Build.0 = Debug|Any CPU
		{CFE58CC9-ED72-4786-8FB8-45CE941FBA96}.Release|Any CPU.ActiveCfg = Release|Any CPU
		{CFE58CC9-ED72-4786-8FB8-45CE941FBA96}.Release|Any CPU.Build.0 = Release|Any CPU
		{1DD9A3F8-57D0-417E-AE17-74B109B0AECA}.Debug|Any CPU.ActiveCfg = Debug|Any CPU
		{1DD9A3F8-57D0-417E-AE17-74B109B0AECA}.Debug|Any CPU.Build.0 = Debug|Any CPU
		{1DD9A3F8-57D0-417E-AE17-74B109B0AECA}.Release|Any CPU.ActiveCfg = Release|Any CPU
		{1DD9A3F8-57D0-417E-AE17-74B109B0AECA}.Release|Any CPU.Build.0 = Release|Any CPU
		{0D8653D7-0A3B-4F95-B8F0-97FE544D53B7}.Debug|Any CPU.ActiveCfg = Debug|Any CPU
		{0D8653D7-0A3B-4F95-B8F0-97FE544D53B7}.Debug|Any CPU.Build.0 = Debug|Any CPU
		{0D8653D7-0A3B-4F95-B8F0-97FE544D53B7}.Release|Any CPU.ActiveCfg = Release|Any CPU
		{0D8653D7-0A3B-4F95-B8F0-97FE544D53B7}.Release|Any CPU.Build.0 = Release|Any CPU
		{E8C7B376-E157-4FB7-8B21-A999D9C109E0}.Debug|Any CPU.ActiveCfg = Debug|Any CPU
		{E8C7B376-E157-4FB7-8B21-A999D9C109E0}.Debug|Any CPU.Build.0 = Debug|Any CPU
		{E8C7B376-E157-4FB7-8B21-A999D9C109E0}.Release|Any CPU.ActiveCfg = Release|Any CPU
		{E8C7B376-E157-4FB7-8B21-A999D9C109E0}.Release|Any CPU.Build.0 = Release|Any CPU
		{9EFCE2B9-1253-429A-A399-D75582E121CF}.Debug|Any CPU.ActiveCfg = Debug|Any CPU
		{9EFCE2B9-1253-429A-A399-D75582E121CF}.Debug|Any CPU.Build.0 = Debug|Any CPU
		{9EFCE2B9-1253-429A-A399-D75582E121CF}.Release|Any CPU.ActiveCfg = Release|Any CPU
		{9EFCE2B9-1253-429A-A399-D75582E121CF}.Release|Any CPU.Build.0 = Release|Any CPU
		{237FFAF6-A434-431D-B4DC-5C7BFF6CFB22}.Debug|Any CPU.ActiveCfg = Debug|Any CPU
		{237FFAF6-A434-431D-B4DC-5C7BFF6CFB22}.Debug|Any CPU.Build.0 = Debug|Any CPU
		{237FFAF6-A434-431D-B4DC-5C7BFF6CFB22}.Release|Any CPU.ActiveCfg = Release|Any CPU
		{237FFAF6-A434-431D-B4DC-5C7BFF6CFB22}.Release|Any CPU.Build.0 = Release|Any CPU
		{4EC5656E-9845-4004-B766-88F01FDE1DC1}.Debug|Any CPU.ActiveCfg = Debug|Any CPU
		{4EC5656E-9845-4004-B766-88F01FDE1DC1}.Debug|Any CPU.Build.0 = Debug|Any CPU
		{4EC5656E-9845-4004-B766-88F01FDE1DC1}.Release|Any CPU.ActiveCfg = Release|Any CPU
		{4EC5656E-9845-4004-B766-88F01FDE1DC1}.Release|Any CPU.Build.0 = Release|Any CPU
		{A0F9341F-E8C1-4283-99B2-C414DF227BF7}.Debug|Any CPU.ActiveCfg = Debug|Any CPU
		{A0F9341F-E8C1-4283-99B2-C414DF227BF7}.Debug|Any CPU.Build.0 = Debug|Any CPU
		{A0F9341F-E8C1-4283-99B2-C414DF227BF7}.Release|Any CPU.ActiveCfg = Release|Any CPU
		{A0F9341F-E8C1-4283-99B2-C414DF227BF7}.Release|Any CPU.Build.0 = Release|Any CPU
	EndGlobalSection
	GlobalSection(SolutionProperties) = preSolution
		HideSolutionNode = FALSE
	EndGlobalSection
	GlobalSection(NestedProjects) = preSolution
		{35249BE5-465A-4545-BACF-E1878CAD015D} = {D956FF7A-735E-4CEB-B595-2B4D2D6B4102}
		{E3A8B41F-DC2D-4CE4-91B3-2CCBCC6A00C4} = {D956FF7A-735E-4CEB-B595-2B4D2D6B4102}
		{C9B4DE48-AD9E-4828-ADBC-5B445B3D4876} = {D956FF7A-735E-4CEB-B595-2B4D2D6B4102}
		{2AA2D05A-132B-4F9C-BB20-356E6C4A9E8E} = {E3D0764F-A5B4-479C-B779-990B8697ABB9}
		{CFE58CC9-ED72-4786-8FB8-45CE941FBA96} = {E3D0764F-A5B4-479C-B779-990B8697ABB9}
		{1DD9A3F8-57D0-417E-AE17-74B109B0AECA} = {9C0B5C89-8091-4876-B753-B02CDB296106}
		{0D8653D7-0A3B-4F95-B8F0-97FE544D53B7} = {9C0B5C89-8091-4876-B753-B02CDB296106}
		{E8C7B376-E157-4FB7-8B21-A999D9C109E0} = {9C0B5C89-8091-4876-B753-B02CDB296106}
		{9EFCE2B9-1253-429A-A399-D75582E121CF} = {3A52DB22-4416-4027-9172-41A2CB1CF2ED}
		{237FFAF6-A434-431D-B4DC-5C7BFF6CFB22} = {3A52DB22-4416-4027-9172-41A2CB1CF2ED}
		{4EC5656E-9845-4004-B766-88F01FDE1DC1} = {D956FF7A-735E-4CEB-B595-2B4D2D6B4102}
		{A0F9341F-E8C1-4283-99B2-C414DF227BF7} = {3A52DB22-4416-4027-9172-41A2CB1CF2ED}
	EndGlobalSection
	GlobalSection(ExtensibilityGlobals) = postSolution
		SolutionGuid = {41A811AE-DE3E-4BBB-A31B-D65118B3C90B}
	EndGlobalSection
EndGlobal
